{
  "lockfile_version": "1",
  "packages": {
    "opentofu@1.10.6": {
      "last_modified": "2025-09-18T16:33:27Z",
      "resolved": "github:NixOS/nixpkgs/f4b140d5b253f5e2a1ff4e5506edbf8267724bde#opentofu",
      "source": "devbox-search",
      "version": "1.10.6",
      "systems": {
        "aarch64-darwin": {
          "outputs": [
            {
              "name": "out",
              "path": "/nix/store/zw217n1jrrsfq2c1f8sg45ncp8185fra-opentofu-1.10.6",
              "default": true
            }
          ],
          "store_path": "/nix/store/zw217n1jrrsfq2c1f8sg45ncp8185fra-opentofu-1.10.6"
        },
        "aarch64-linux": {
          "outputs": [
            {
              "name": "out",
              "path": "/nix/store/zi5ms7qpfijbzrb7dhh7j6lnkbnvzlip-opentofu-1.10.6",
              "default": true
            }
          ],
          "store_path": "/nix/store/zi5ms7qpfijbzrb7dhh7j6lnkbnvzlip-opentofu-1.10.6"
        },
        "x86_64-darwin": {
          "outputs": [
            {
              "name": "out",
              "path": "/nix/store/wzm2wx4l92zb2lg5xmham1dby3nbywz8-opentofu-1.10.6",
              "default": true
            }
          ],
          "store_path": "/nix/store/wzm2wx4l92zb2lg5xmham1dby3nbywz8-opentofu-1.10.6"
        },
        "x86_64-linux": {
          "outputs": [
            {
              "name": "out",
              "path": "/nix/store/b9rhnj9cjy15sd5xjq1cwvbav4k4yff2-opentofu-1.10.6",
              "default": true
            }
          ],
          "store_path": "/nix/store/b9rhnj9cjy15sd5xjq1cwvbav4k4yff2-opentofu-1.10.6"
        }
      }
    },
    "terraform@1.12.2": {
      "last_modified": "2025-06-12T07:29:08Z",
      "resolved": "github:NixOS/nixpkgs/d202f48f1249f013aa2660c6733e251c85712cbe#terraform",
      "source": "devbox-search",
      "version": "1.12.2",
      "systems": {
        "aarch64-darwin": {
          "outputs": [
            {
              "name": "out",
              "path": "/nix/store/d8bjicybf92vxcapviilv5b623j0zqwk-terraform-1.12.2",
              "default": true
            }
          ],
          "store_path": "/nix/store/d8bjicybf92vxcapviilv5b623j0zqwk-terraform-1.12.2"
        },
        "aarch64-linux": {
          "outputs": [
            {
              "name": "out",
              "path": "/nix/store/gijy95xda5c5wf094dwayb6kgd40fjwm-terraform-1.12.2",
              "default": true
            }
          ],
          "store_path": "/nix/store/gijy95xda5c5wf094dwayb6kgd40fjwm-terraform-1.12.2"
        },
        "x86_64-darwin": {
          "outputs": [
            {
              "name": "out",
              "path": "/nix/store/71hw4gz9h0vqyjj6qhddplcmmyd5vsin-terraform-1.12.2",
              "default": true
            }
          ],
          "store_path": "/nix/store/71hw4gz9h0vqyjj6qhddplcmmyd5vsin-terraform-1.12.2"
        },
        "x86_64-linux": {
          "outputs": [
            {
              "name": "out",
              "path": "/nix/store/1x2z0np2liayk7wiiyzsb56kqb8wjk5v-terraform-1.12.2",
              "default": true
            }
          ],
          "store_path": "/nix/store/1x2z0np2liayk7wiiyzsb56kqb8wjk5v-terraform-1.12.2"
        }
      }
    }
  }
}
