{
  "lockfile_version": "1",
  "packages": {
    "opentofu@1.9.1": {
      "last_modified": "2025-05-06T08:06:31Z",
      "resolved": "github:NixOS/nixpkgs/1cb1c02a6b1b7cf67e3d7731cbbf327a53da9679#opentofu",
      "source": "devbox-search",
      "version": "1.9.1",
      "systems": {
        "aarch64-darwin": {
          "outputs": [
            {
              "name": "out",
              "path": "/nix/store/j1mv749q90ikq6skdxf55f2pgvy0wrqj-opentofu-1.9.1",
              "default": true
            }
          ],
          "store_path": "/nix/store/j1mv749q90ikq6skdxf55f2pgvy0wrqj-opentofu-1.9.1"
        },
        "aarch64-linux": {
          "outputs": [
            {
              "name": "out",
              "path": "/nix/store/39bwgbp49635ak4qg5y2092syd45vi78-opentofu-1.9.1",
              "default": true
            }
          ],
          "store_path": "/nix/store/39bwgbp49635ak4qg5y2092syd45vi78-opentofu-1.9.1"
        },
        "x86_64-darwin": {
          "outputs": [
            {
              "name": "out",
              "path": "/nix/store/419sl72xi3z61jrzcbqfry6imk3p4pi3-opentofu-1.9.1",
              "default": true
            }
          ],
          "store_path": "/nix/store/419sl72xi3z61jrzcbqfry6imk3p4pi3-opentofu-1.9.1"
        },
        "x86_64-linux": {
          "outputs": [
            {
              "name": "out",
              "path": "/nix/store/vkapg3ck8mibgffm1kh65spidh5w087q-opentofu-1.9.1",
              "default": true
            }
          ],
          "store_path": "/nix/store/vkapg3ck8mibgffm1kh65spidh5w087q-opentofu-1.9.1"
        }
      }
    },
    "terraform@1.13.3": {
      "last_modified": "2025-09-18T16:33:27Z",
      "resolved": "github:NixOS/nixpkgs/f4b140d5b253f5e2a1ff4e5506edbf8267724bde#terraform",
      "source": "devbox-search",
      "version": "1.13.3",
      "systems": {
        "aarch64-darwin": {
          "outputs": [
            {
              "name": "out",
              "path": "/nix/store/4pm27dwqyw4v04m566hzfyh195ccrc5i-terraform-1.13.3",
              "default": true
            }
          ],
          "store_path": "/nix/store/4pm27dwqyw4v04m566hzfyh195ccrc5i-terraform-1.13.3"
        },
        "aarch64-linux": {
          "outputs": [
            {
              "name": "out",
              "path": "/nix/store/jxc9p7gdzaww2734jzwddzgqbriihscp-terraform-1.13.3",
              "default": true
            }
          ],
          "store_path": "/nix/store/jxc9p7gdzaww2734jzwddzgqbriihscp-terraform-1.13.3"
        },
        "x86_64-darwin": {
          "outputs": [
            {
              "name": "out",
              "path": "/nix/store/75y0gxay06hzc0fjgikfmyasaj7qys54-terraform-1.13.3",
              "default": true
            }
          ],
          "store_path": "/nix/store/75y0gxay06hzc0fjgikfmyasaj7qys54-terraform-1.13.3"
        },
        "x86_64-linux": {
          "outputs": [
            {
              "name": "out",
              "path": "/nix/store/r0ri9bfmgzw95mqm0v8mji1hm6ql1zqv-terraform-1.13.3",
              "default": true
            }
          ],
          "store_path": "/nix/store/r0ri9bfmgzw95mqm0v8mji1hm6ql1zqv-terraform-1.13.3"
        }
      }
    }
  }
}
