{
  "lockfile_version": "1",
  "packages": {
    "opentofu@1.9.1": {
      "last_modified": "2025-05-06T08:06:31Z",
      "resolved": "github:NixOS/nixpkgs/1cb1c02a6b1b7cf67e3d7731cbbf327a53da9679#opentofu",
      "source": "devbox-search",
      "version": "1.9.1",
      "systems": {
        "aarch64-darwin": {
          "outputs": [
            {
              "name": "out",
              "path": "/nix/store/j1mv749q90ikq6skdxf55f2pgvy0wrqj-opentofu-1.9.1",
              "default": true
            }
          ],
          "store_path": "/nix/store/j1mv749q90ikq6skdxf55f2pgvy0wrqj-opentofu-1.9.1"
        },
        "aarch64-linux": {
          "outputs": [
            {
              "name": "out",
              "path": "/nix/store/39bwgbp49635ak4qg5y2092syd45vi78-opentofu-1.9.1",
              "default": true
            }
          ],
          "store_path": "/nix/store/39bwgbp49635ak4qg5y2092syd45vi78-opentofu-1.9.1"
        },
        "x86_64-darwin": {
          "outputs": [
            {
              "name": "out",
              "path": "/nix/store/419sl72xi3z61jrzcbqfry6imk3p4pi3-opentofu-1.9.1",
              "default": true
            }
          ],
          "store_path": "/nix/store/419sl72xi3z61jrzcbqfry6imk3p4pi3-opentofu-1.9.1"
        },
        "x86_64-linux": {
          "outputs": [
            {
              "name": "out",
              "path": "/nix/store/vkapg3ck8mibgffm1kh65spidh5w087q-opentofu-1.9.1",
              "default": true
            }
          ],
          "store_path": "/nix/store/vkapg3ck8mibgffm1kh65spidh5w087q-opentofu-1.9.1"
        }
      }
    },
    "terraform@1.11.4": {
      "last_modified": "2025-04-10T20:20:34Z",
      "resolved": "github:NixOS/nixpkgs/d19cf9dfc633816a437204555afeb9e722386b76#terraform",
      "source": "devbox-search",
      "version": "1.11.4",
      "systems": {
        "aarch64-darwin": {
          "outputs": [
            {
              "name": "out",
              "path": "/nix/store/46l1vs4h00h1y3n3xxwzab0a16mawfcs-terraform-1.11.4",
              "default": true
            }
          ],
          "store_path": "/nix/store/46l1vs4h00h1y3n3xxwzab0a16mawfcs-terraform-1.11.4"
        },
        "aarch64-linux": {
          "outputs": [
            {
              "name": "out",
              "path": "/nix/store/knyqig364fi94f3z33q47jawv9b4h4sy-terraform-1.11.4",
              "default": true
            }
          ],
          "store_path": "/nix/store/knyqig364fi94f3z33q47jawv9b4h4sy-terraform-1.11.4"
        },
        "x86_64-darwin": {
          "outputs": [
            {
              "name": "out",
              "path": "/nix/store/9w7xlspipmx4kal4bagqnf76h0wv8lx8-terraform-1.11.4",
              "default": true
            }
          ],
          "store_path": "/nix/store/9w7xlspipmx4kal4bagqnf76h0wv8lx8-terraform-1.11.4"
        },
        "x86_64-linux": {
          "outputs": [
            {
              "name": "out",
              "path": "/nix/store/xlg2aqgy2fwilpfnla4313f39vs0hhmb-terraform-1.11.4",
              "default": true
            }
          ],
          "store_path": "/nix/store/xlg2aqgy2fwilpfnla4313f39vs0hhmb-terraform-1.11.4"
        }
      }
    }
  }
}
